
Microsoft Visual Studio Solution File, Format Version 12.00
# Visual Studio Version 18
VisualStudioVersion = 18.2.11415.280 d18.0
MinimumVisualStudioVersion = 10.0.40219.1
Project("{FAE04EC0-301F-11D3-BF4B-00C04F79EFBC}") = "TaskNestUI", "TaskNestUI\TaskNestUI.csproj", "{24DD7246-DFC7-4A55-B74F-CDD0EA21A82F}"
EndProject
Global
	GlobalSection(SolutionConfigurationPlatforms) = preSolution
		Debug|Any CPU = Debug|Any CPU
		Release|Any CPU = Release|Any CPU
	EndGlobalSection
	GlobalSection(ProjectConfigurationPlatforms) = postSolution
		{24DD7246-DFC7-4A55-B74F-CDD0EA21A82F}.Debug|Any CPU.ActiveCfg = Debug|Any CPU
		{24DD7246-DFC7-4A55-B74F-CDD0EA21A82F}.Debug|Any CPU.Build.0 = Debug|Any CPU
		{24DD7246-DFC7-4A55-B74F-CDD0EA21A82F}.Release|Any CPU.ActiveCfg = Release|Any CPU
		{24DD7246-DFC7-4A55-B74F-CDD0EA21A82F}.Release|Any CPU.Build.0 = Release|Any CPU
	EndGlobalSection
	GlobalSection(SolutionProperties) = preSolution
		HideSolutionNode = FALSE
	EndGlobalSection
	GlobalSection(ExtensibilityGlobals) = postSolution
		SolutionGuid = {A38D689F-29E0-4D6E-8DF3-4096C05E6600}
	EndGlobalSection
EndGlobal
